
Microsoft Visual Studio Solution File, Format Version 12.00
# Visual Studio Version 17
VisualStudioVersion = 17.3.32825.248
MinimumVisualStudioVersion = 10.0.40219.1
Project("{FAE04EC0-301F-11D3-BF4B-00C04F79EFBC}") = "LaLena.Web", "LaLena.Web\LaLena.Web.csproj", "{9BAF2471-BF52-4DA7-9A9A-004B25D27882}"
EndProject
Project("{2150E333-8FDC-42A3-9474-1A3956D46DE8}") = "FrontEnd", "FrontEnd", "{7725C414-3956-4D1F-8466-D68A3FC5C0F1}"
EndProject
Project("{2150E333-8FDC-42A3-9474-1A3956D46DE8}") = "Services", "Services", "{EC0B8F70-9B02-4EED-AB5F-356669BAC313}"
EndProject
Project("{FAE04EC0-301F-11D3-BF4B-00C04F79EFBC}") = "LaLena.Services.ProductAPI", "LaLena.Services.ProductAPI\LaLena.Services.ProductAPI.csproj", "{1E8DF0C1-3072-4B27-967E-FE12FFFB948C}"
EndProject
Global
	GlobalSection(SolutionConfigurationPlatforms) = preSolution
		Debug|Any CPU = Debug|Any CPU
		Release|Any CPU = Release|Any CPU
	EndGlobalSection
	GlobalSection(ProjectConfigurationPlatforms) = postSolution
		{9BAF2471-BF52-4DA7-9A9A-004B25D27882}.Debug|Any CPU.ActiveCfg = Debug|Any CPU
		{9BAF2471-BF52-4DA7-9A9A-004B25D27882}.Debug|Any CPU.Build.0 = Debug|Any CPU
		{9BAF2471-BF52-4DA7-9A9A-004B25D27882}.Release|Any CPU.ActiveCfg = Release|Any CPU
		{9BAF2471-BF52-4DA7-9A9A-004B25D27882}.Release|Any CPU.Build.0 = Release|Any CPU
		{1E8DF0C1-3072-4B27-967E-FE12FFFB948C}.Debug|Any CPU.ActiveCfg = Debug|Any CPU
		{1E8DF0C1-3072-4B27-967E-FE12FFFB948C}.Debug|Any CPU.Build.0 = Debug|Any CPU
		{1E8DF0C1-3072-4B27-967E-FE12FFFB948C}.Release|Any CPU.ActiveCfg = Release|Any CPU
		{1E8DF0C1-3072-4B27-967E-FE12FFFB948C}.Release|Any CPU.Build.0 = Release|Any CPU
	EndGlobalSection
	GlobalSection(SolutionProperties) = preSolution
		HideSolutionNode = FALSE
	EndGlobalSection
	GlobalSection(NestedProjects) = preSolution
		{9BAF2471-BF52-4DA7-9A9A-004B25D27882} = {7725C414-3956-4D1F-8466-D68A3FC5C0F1}
		{1E8DF0C1-3072-4B27-967E-FE12FFFB948C} = {EC0B8F70-9B02-4EED-AB5F-356669BAC313}
	EndGlobalSection
	GlobalSection(ExtensibilityGlobals) = postSolution
		SolutionGuid = {0F23233A-12DA-4F37-8800-BC9AC40682D9}
	EndGlobalSection
EndGlobal
